
Microsoft Visual Studio Solution File, Format Version 12.00
# Visual Studio Version 17
VisualStudioVersion = 17.14.36616.10
MinimumVisualStudioVersion = 10.0.40219.1
Project("{2150E333-8FDC-42A3-9474-1A3956D46DE8}") = "Task0", "Task0", "{02EA681E-C7D8-13C7-8484-4AC65E1B71E8}"
EndProject
Project("{FAE04EC0-301F-11D3-BF4B-00C04F79EFBC}") = "Tyuiu.BalinVV.Sprint4.Task0.V1", "Tyuiu.BalinVV.Sprint4.Task0.V1\Tyuiu.BalinVV.Sprint4.Task0.V1.csproj", "{8AE08360-13A6-4AE8-8EEE-01CC3C8FC3CA}"
EndProject
Project("{FAE04EC0-301F-11D3-BF4B-00C04F79EFBC}") = "Tyuiu.BalinVV.Sprint4.Task0.V1.Test", "Tyuiu.BalinVV.Sprint4.Task0.V1.Test\Tyuiu.BalinVV.Sprint4.Task0.V1.Test.csproj", "{4C7BEFC8-D321-4E5E-81F3-A449CBE68174}"
EndProject
Project("{FAE04EC0-301F-11D3-BF4B-00C04F79EFBC}") = "Tyuiu.BalinVV.Sprint4.Task0.V1.Lib", "Tyuiu.BalinVV.Sprint4.Task0.V1.Lib\Tyuiu.BalinVV.Sprint4.Task0.V1.Lib.csproj", "{B5158A2E-79C5-4B50-961A-D58A82C7B578}"
EndProject
Project("{2150E333-8FDC-42A3-9474-1A3956D46DE8}") = "Task1", "Task1", "{53F4BA1E-BFAC-490E-9EA5-32AB1D6AF695}"
EndProject
Project("{FAE04EC0-301F-11D3-BF4B-00C04F79EFBC}") = "Tyuiu.BalinVV.Sprint4.Task1.V3.Lib", "Tyuiu.BalinVV.Sprint4.Task1.V3.Lib\Tyuiu.BalinVV.Sprint4.Task1.V3.Lib.csproj", "{5D72A34F-D73A-45AA-9A60-81C4068B4CDD}"
EndProject
Project("{FAE04EC0-301F-11D3-BF4B-00C04F79EFBC}") = "Tyuiu.BalinVV.Sprint4.Task1.V3.Test", "Tyuiu.BalinVV.Sprint4.Task1.V3.Test\Tyuiu.BalinVV.Sprint4.Task1.V3.Test.csproj", "{62571131-5E33-4D74-B62E-28CE676660BB}"
EndProject
Project("{FAE04EC0-301F-11D3-BF4B-00C04F79EFBC}") = "Tyuiu.BalinVV.Sprint4.Task1.V3", "Tyuiu.BalinVV.Sprint4.Task1.V3\Tyuiu.BalinVV.Sprint4.Task1.V3.csproj", "{D56163DE-BDDC-4D2D-A2FD-3E6535745380}"
EndProject
Project("{2150E333-8FDC-42A3-9474-1A3956D46DE8}") = "Task2", "Task2", "{FEC49DBB-4B4F-4675-AC1F-7580D7B49506}"
EndProject
Project("{FAE04EC0-301F-11D3-BF4B-00C04F79EFBC}") = "Tyuiu.BalinVV.Sprint4.Task2.V2", "Tyuiu.BalinVV.Sprint4.Task2.V2\Tyuiu.BalinVV.Sprint4.Task2.V2.csproj", "{47DF69FB-510D-4AB5-A188-5C8A4DEB263A}"
EndProject
Project("{FAE04EC0-301F-11D3-BF4B-00C04F79EFBC}") = "Tyuiu.BalinVV.Sprint4.Task2.V2.Test", "Tyuiu.BalinVV.Sprint4.Task2.V2.Test\Tyuiu.BalinVV.Sprint4.Task2.V2.Test.csproj", "{C3D8925D-41F2-4740-87A5-B7E9D89DB89D}"
EndProject
Project("{FAE04EC0-301F-11D3-BF4B-00C04F79EFBC}") = "Tyuiu.BalinVV.Sprint4.Task2.V2.Lib", "Tyuiu.BalinVV.Sprint4.Task2.V2.Lib\Tyuiu.BalinVV.Sprint4.Task2.V2.Lib.csproj", "{DDE7F234-2FB3-4470-8873-8693F31484B2}"
EndProject
Project("{2150E333-8FDC-42A3-9474-1A3956D46DE8}") = "Task3", "Task3", "{62D62153-AA6B-43C6-83D4-8A414BE78B0A}"
EndProject
Project("{FAE04EC0-301F-11D3-BF4B-00C04F79EFBC}") = "Tyuiu.BalinVV.Sprint4.Task3.V18", "Tyuiu.BalinVV.Sprint4.Task3.V18\Tyuiu.BalinVV.Sprint4.Task3.V18.csproj", "{08641E7F-525D-4647-A18C-546DB9B02CCB}"
EndProject
Project("{FAE04EC0-301F-11D3-BF4B-00C04F79EFBC}") = "Tyuiu.BalinVV.Sprint4.Task3.V18.Lib", "Tyuiu.BalinVV.Sprint4.Task3.V18.Lib\Tyuiu.BalinVV.Sprint4.Task3.V18.Lib.csproj", "{56B1BF0A-C81D-4745-BF8A-E578C202DA38}"
EndProject
Project("{FAE04EC0-301F-11D3-BF4B-00C04F79EFBC}") = "Tyuiu.BalinVV.Sprint4.Task3.V18.Test", "Tyuiu.BalinVV.Sprint4.Task3.V18.Test\Tyuiu.BalinVV.Sprint4.Task3.V18.Test.csproj", "{4CE50BE2-903E-46F6-BC19-8919379D4955}"
EndProject
Project("{2150E333-8FDC-42A3-9474-1A3956D46DE8}") = "Task4", "Task4", "{CC54496B-C287-461B-BF3F-433653F40B65}"
EndProject
Project("{FAE04EC0-301F-11D3-BF4B-00C04F79EFBC}") = "Tyuiu.BalinVV.Sprint4.Task4.V30", "Tyuiu.BalinVV.Sprint4.Task4.V30\Tyuiu.BalinVV.Sprint4.Task4.V30.csproj", "{9AFA9F20-0CAA-4EED-B777-8BA591255F13}"
EndProject
Project("{FAE04EC0-301F-11D3-BF4B-00C04F79EFBC}") = "Tyuiu.BalinVV.Sprint4.Task4.V30.Test", "Tyuiu.BalinVV.Sprint4.Task4.V30.Test\Tyuiu.BalinVV.Sprint4.Task4.V30.Test.csproj", "{D27DCE5B-7CD5-4D60-BA8A-E909F41BE5DF}"
EndProject
Project("{FAE04EC0-301F-11D3-BF4B-00C04F79EFBC}") = "Tyuiu.BalinVV.Sprint4.Task4.V30.Lib", "Tyuiu.BalinVV.Sprint4.Task4.V30.Lib\Tyuiu.BalinVV.Sprint4.Task4.V30.Lib.csproj", "{4850CEF8-2396-446D-9676-6E3DD9D27834}"
EndProject
Project("{2150E333-8FDC-42A3-9474-1A3956D46DE8}") = "Task5", "Task5", "{F59EFCCA-2204-4DC9-8076-3D5D248BEAF1}"
EndProject
Project("{FAE04EC0-301F-11D3-BF4B-00C04F79EFBC}") = "Tyuiu.BalinVV.Sprint4.Task5.V30.Lib", "Tyuiu.BalinVV.Sprint4.Task5.V30.Lib\Tyuiu.BalinVV.Sprint4.Task5.V30.Lib.csproj", "{5214573C-69B8-434C-9521-2466B09739CB}"
EndProject
Project("{FAE04EC0-301F-11D3-BF4B-00C04F79EFBC}") = "Tyuiu.BalinVV.Sprint4.Task5.V30", "Tyuiu.BalinVV.Sprint4.Task5.V30\Tyuiu.BalinVV.Sprint4.Task5.V30.csproj", "{323A8780-B16B-4193-98CD-44778BD8B933}"
EndProject
Project("{FAE04EC0-301F-11D3-BF4B-00C04F79EFBC}") = "Tyuiu.BalinVV.Sprint4.Task5.V30.Test", "Tyuiu.BalinVV.Sprint4.Task5.V30.Test\Tyuiu.BalinVV.Sprint4.Task5.V30.Test.csproj", "{40924FA3-78D3-4076-9036-CB270AA1CD9A}"
EndProject
Project("{2150E333-8FDC-42A3-9474-1A3956D46DE8}") = "Task6", "Task6", "{0DE88D86-2B3B-4205-9E94-8AED88A44942}"
EndProject
Project("{FAE04EC0-301F-11D3-BF4B-00C04F79EFBC}") = "Tyuiu.BalinVV.Sprint4.Task6.V16", "Tyuiu.BalinVV.Sprint4.Task6.V16\Tyuiu.BalinVV.Sprint4.Task6.V16.csproj", "{E6A42B04-1E4F-412C-A53E-EE39A02B3C76}"
EndProject
Project("{FAE04EC0-301F-11D3-BF4B-00C04F79EFBC}") = "Tyuiu.BalinVV.Sprint4.Task6.V16.Lib", "Tyuiu.BalinVV.Sprint4.Task6.V16.Lib\Tyuiu.BalinVV.Sprint4.Task6.V16.Lib.csproj", "{1EC179A7-0E9D-41CB-B428-D3D00AD50106}"
EndProject
Project("{FAE04EC0-301F-11D3-BF4B-00C04F79EFBC}") = "Tyuiu.BalinVV.Sprint4.Task6.V16.Test", "Tyuiu.BalinVV.Sprint4.Task6.V16.Test\Tyuiu.BalinVV.Sprint4.Task6.V16.Test.csproj", "{9A8A9934-6E3E-42CD-8F99-E79AEA424B17}"
EndProject
Global
	GlobalSection(SolutionConfigurationPlatforms) = preSolution
		Debug|Any CPU = Debug|Any CPU
		Release|Any CPU = Release|Any CPU
	EndGlobalSection
	GlobalSection(ProjectConfigurationPlatforms) = postSolution
		{8AE08360-13A6-4AE8-8EEE-01CC3C8FC3CA}.Debug|Any CPU.ActiveCfg = Debug|Any CPU
		{8AE08360-13A6-4AE8-8EEE-01CC3C8FC3CA}.Debug|Any CPU.Build.0 = Debug|Any CPU
		{8AE08360-13A6-4AE8-8EEE-01CC3C8FC3CA}.Release|Any CPU.ActiveCfg = Release|Any CPU
		{8AE08360-13A6-4AE8-8EEE-01CC3C8FC3CA}.Release|Any CPU.Build.0 = Release|Any CPU
		{4C7BEFC8-D321-4E5E-81F3-A449CBE68174}.Debug|Any CPU.ActiveCfg = Debug|Any CPU
		{4C7BEFC8-D321-4E5E-81F3-A449CBE68174}.Debug|Any CPU.Build.0 = Debug|Any CPU
		{4C7BEFC8-D321-4E5E-81F3-A449CBE68174}.Release|Any CPU.ActiveCfg = Release|Any CPU
		{4C7BEFC8-D321-4E5E-81F3-A449CBE68174}.Release|Any CPU.Build.0 = Release|Any CPU
		{B5158A2E-79C5-4B50-961A-D58A82C7B578}.Debug|Any CPU.ActiveCfg = Debug|Any CPU
		{B5158A2E-79C5-4B50-961A-D58A82C7B578}.Debug|Any CPU.Build.0 = Debug|Any CPU
		{B5158A2E-79C5-4B50-961A-D58A82C7B578}.Release|Any CPU.ActiveCfg = Release|Any CPU
		{B5158A2E-79C5-4B50-961A-D58A82C7B578}.Release|Any CPU.Build.0 = Release|Any CPU
		{5D72A34F-D73A-45AA-9A60-81C4068B4CDD}.Debug|Any CPU.ActiveCfg = Debug|Any CPU
		{5D72A34F-D73A-45AA-9A60-81C4068B4CDD}.Debug|Any CPU.Build.0 = Debug|Any CPU
		{5D72A34F-D73A-45AA-9A60-81C4068B4CDD}.Release|Any CPU.ActiveCfg = Release|Any CPU
		{5D72A34F-D73A-45AA-9A60-81C4068B4CDD}.Release|Any CPU.Build.0 = Release|Any CPU
		{62571131-5E33-4D74-B62E-28CE676660BB}.Debug|Any CPU.ActiveCfg = Debug|Any CPU
		{62571131-5E33-4D74-B62E-28CE676660BB}.Debug|Any CPU.Build.0 = Debug|Any CPU
		{62571131-5E33-4D74-B62E-28CE676660BB}.Release|Any CPU.ActiveCfg = Release|Any CPU
		{62571131-5E33-4D74-B62E-28CE676660BB}.Release|Any CPU.Build.0 = Release|Any CPU
		{D56163DE-BDDC-4D2D-A2FD-3E6535745380}.Debug|Any CPU.ActiveCfg = Debug|Any CPU
		{D56163DE-BDDC-4D2D-A2FD-3E6535745380}.Debug|Any CPU.Build.0 = Debug|Any CPU
		{D56163DE-BDDC-4D2D-A2FD-3E6535745380}.Release|Any CPU.ActiveCfg = Release|Any CPU
		{D56163DE-BDDC-4D2D-A2FD-3E6535745380}.Release|Any CPU.Build.0 = Release|Any CPU
		{47DF69FB-510D-4AB5-A188-5C8A4DEB263A}.Debug|Any CPU.ActiveCfg = Debug|Any CPU
		{47DF69FB-510D-4AB5-A188-5C8A4DEB263A}.Debug|Any CPU.Build.0 = Debug|Any CPU
		{47DF69FB-510D-4AB5-A188-5C8A4DEB263A}.Release|Any CPU.ActiveCfg = Release|Any CPU
		{47DF69FB-510D-4AB5-A188-5C8A4DEB263A}.Release|Any CPU.Build.0 = Release|Any CPU
		{C3D8925D-41F2-4740-87A5-B7E9D89DB89D}.Debug|Any CPU.ActiveCfg = Debug|Any CPU
		{C3D8925D-41F2-4740-87A5-B7E9D89DB89D}.Debug|Any CPU.Build.0 = Debug|Any CPU
		{C3D8925D-41F2-4740-87A5-B7E9D89DB89D}.Release|Any CPU.ActiveCfg = Release|Any CPU
		{C3D8925D-41F2-4740-87A5-B7E9D89DB89D}.Release|Any CPU.Build.0 = Release|Any CPU
		{DDE7F234-2FB3-4470-8873-8693F31484B2}.Debug|Any CPU.ActiveCfg = Debug|Any CPU
		{DDE7F234-2FB3-4470-8873-8693F31484B2}.Debug|Any CPU.Build.0 = Debug|Any CPU
		{DDE7F234-2FB3-4470-8873-8693F31484B2}.Release|Any CPU.ActiveCfg = Release|Any CPU
		{DDE7F234-2FB3-4470-8873-8693F31484B2}.Release|Any CPU.Build.0 = Release|Any CPU
		{08641E7F-525D-4647-A18C-546DB9B02CCB}.Debug|Any CPU.ActiveCfg = Debug|Any CPU
		{08641E7F-525D-4647-A18C-546DB9B02CCB}.Debug|Any CPU.Build.0 = Debug|Any CPU
		{08641E7F-525D-4647-A18C-546DB9B02CCB}.Release|Any CPU.ActiveCfg = Release|Any CPU
		{08641E7F-525D-4647-A18C-546DB9B02CCB}.Release|Any CPU.Build.0 = Release|Any CPU
		{56B1BF0A-C81D-4745-BF8A-E578C202DA38}.Debug|Any CPU.ActiveCfg = Debug|Any CPU
		{56B1BF0A-C81D-4745-BF8A-E578C202DA38}.Debug|Any CPU.Build.0 = Debug|Any CPU
		{56B1BF0A-C81D-4745-BF8A-E578C202DA38}.Release|Any CPU.ActiveCfg = Release|Any CPU
		{56B1BF0A-C81D-4745-BF8A-E578C202DA38}.Release|Any CPU.Build.0 = Release|Any CPU
		{4CE50BE2-903E-46F6-BC19-8919379D4955}.Debug|Any CPU.ActiveCfg = Debug|Any CPU
		{4CE50BE2-903E-46F6-BC19-8919379D4955}.Debug|Any CPU.Build.0 = Debug|Any CPU
		{4CE50BE2-903E-46F6-BC19-8919379D4955}.Release|Any CPU.ActiveCfg = Release|Any CPU
		{4CE50BE2-903E-46F6-BC19-8919379D4955}.Release|Any CPU.Build.0 = Release|Any CPU
		{9AFA9F20-0CAA-4EED-B777-8BA591255F13}.Debug|Any CPU.ActiveCfg = Debug|Any CPU
		{9AFA9F20-0CAA-4EED-B777-8BA591255F13}.Debug|Any CPU.Build.0 = Debug|Any CPU
		{9AFA9F20-0CAA-4EED-B777-8BA591255F13}.Release|Any CPU.ActiveCfg = Release|Any CPU
		{9AFA9F20-0CAA-4EED-B777-8BA591255F13}.Release|Any CPU.Build.0 = Release|Any CPU
		{D27DCE5B-7CD5-4D60-BA8A-E909F41BE5DF}.Debug|Any CPU.ActiveCfg = Debug|Any CPU
		{D27DCE5B-7CD5-4D60-BA8A-E909F41BE5DF}.Debug|Any CPU.Build.0 = Debug|Any CPU
		{D27DCE5B-7CD5-4D60-BA8A-E909F41BE5DF}.Release|Any CPU.ActiveCfg = Release|Any CPU
		{D27DCE5B-7CD5-4D60-BA8A-E909F41BE5DF}.Release|Any CPU.Build.0 = Release|Any CPU
		{4850CEF8-2396-446D-9676-6E3DD9D27834}.Debug|Any CPU.ActiveCfg = Debug|Any CPU
		{4850CEF8-2396-446D-9676-6E3DD9D27834}.Debug|Any CPU.Build.0 = Debug|Any CPU
		{4850CEF8-2396-446D-9676-6E3DD9D27834}.Release|Any CPU.ActiveCfg = Release|Any CPU
		{4850CEF8-2396-446D-9676-6E3DD9D27834}.Release|Any CPU.Build.0 = Release|Any CPU
		{5214573C-69B8-434C-9521-2466B09739CB}.Debug|Any CPU.ActiveCfg = Debug|Any CPU
		{5214573C-69B8-434C-9521-2466B09739CB}.Debug|Any CPU.Build.0 = Debug|Any CPU
		{5214573C-69B8-434C-9521-2466B09739CB}.Release|Any CPU.ActiveCfg = Release|Any CPU
		{5214573C-69B8-434C-9521-2466B09739CB}.Release|Any CPU.Build.0 = Release|Any CPU
		{323A8780-B16B-4193-98CD-44778BD8B933}.Debug|Any CPU.ActiveCfg = Debug|Any CPU
		{323A8780-B16B-4193-98CD-44778BD8B933}.Debug|Any CPU.Build.0 = Debug|Any CPU
		{323A8780-B16B-4193-98CD-44778BD8B933}.Release|Any CPU.ActiveCfg = Release|Any CPU
		{323A8780-B16B-4193-98CD-44778BD8B933}.Release|Any CPU.Build.0 = Release|Any CPU
		{40924FA3-78D3-4076-9036-CB270AA1CD9A}.Debug|Any CPU.ActiveCfg = Debug|Any CPU
		{40924FA3-78D3-4076-9036-CB270AA1CD9A}.Debug|Any CPU.Build.0 = Debug|Any CPU
		{40924FA3-78D3-4076-9036-CB270AA1CD9A}.Release|Any CPU.ActiveCfg = Release|Any CPU
		{40924FA3-78D3-4076-9036-CB270AA1CD9A}.Release|Any CPU.Build.0 = Release|Any CPU
		{E6A42B04-1E4F-412C-A53E-EE39A02B3C76}.Debug|Any CPU.ActiveCfg = Debug|Any CPU
		{E6A42B04-1E4F-412C-A53E-EE39A02B3C76}.Debug|Any CPU.Build.0 = Debug|Any CPU
		{E6A42B04-1E4F-412C-A53E-EE39A02B3C76}.Release|Any CPU.ActiveCfg = Release|Any CPU
		{E6A42B04-1E4F-412C-A53E-EE39A02B3C76}.Release|Any CPU.Build.0 = Release|Any CPU
		{1EC179A7-0E9D-41CB-B428-D3D00AD50106}.Debug|Any CPU.ActiveCfg = Debug|Any CPU
		{1EC179A7-0E9D-41CB-B428-D3D00AD50106}.Debug|Any CPU.Build.0 = Debug|Any CPU
		{1EC179A7-0E9D-41CB-B428-D3D00AD50106}.Release|Any CPU.ActiveCfg = Release|Any CPU
		{1EC179A7-0E9D-41CB-B428-D3D00AD50106}.Release|Any CPU.Build.0 = Release|Any CPU
		{9A8A9934-6E3E-42CD-8F99-E79AEA424B17}.Debug|Any CPU.ActiveCfg = Debug|Any CPU
		{9A8A9934-6E3E-42CD-8F99-E79AEA424B17}.Debug|Any CPU.Build.0 = Debug|Any CPU
		{9A8A9934-6E3E-42CD-8F99-E79AEA424B17}.Release|Any CPU.ActiveCfg = Release|Any CPU
		{9A8A9934-6E3E-42CD-8F99-E79AEA424B17}.Release|Any CPU.Build.0 = Release|Any CPU
	EndGlobalSection
	GlobalSection(SolutionProperties) = preSolution
		HideSolutionNode = FALSE
	EndGlobalSection
	GlobalSection(NestedProjects) = preSolution
		{8AE08360-13A6-4AE8-8EEE-01CC3C8FC3CA} = {02EA681E-C7D8-13C7-8484-4AC65E1B71E8}
		{4C7BEFC8-D321-4E5E-81F3-A449CBE68174} = {02EA681E-C7D8-13C7-8484-4AC65E1B71E8}
		{B5158A2E-79C5-4B50-961A-D58A82C7B578} = {02EA681E-C7D8-13C7-8484-4AC65E1B71E8}
		{5D72A34F-D73A-45AA-9A60-81C4068B4CDD} = {53F4BA1E-BFAC-490E-9EA5-32AB1D6AF695}
		{62571131-5E33-4D74-B62E-28CE676660BB} = {53F4BA1E-BFAC-490E-9EA5-32AB1D6AF695}
		{D56163DE-BDDC-4D2D-A2FD-3E6535745380} = {53F4BA1E-BFAC-490E-9EA5-32AB1D6AF695}
		{47DF69FB-510D-4AB5-A188-5C8A4DEB263A} = {FEC49DBB-4B4F-4675-AC1F-7580D7B49506}
		{C3D8925D-41F2-4740-87A5-B7E9D89DB89D} = {FEC49DBB-4B4F-4675-AC1F-7580D7B49506}
		{DDE7F234-2FB3-4470-8873-8693F31484B2} = {FEC49DBB-4B4F-4675-AC1F-7580D7B49506}
		{08641E7F-525D-4647-A18C-546DB9B02CCB} = {62D62153-AA6B-43C6-83D4-8A414BE78B0A}
		{56B1BF0A-C81D-4745-BF8A-E578C202DA38} = {62D62153-AA6B-43C6-83D4-8A414BE78B0A}
		{4CE50BE2-903E-46F6-BC19-8919379D4955} = {62D62153-AA6B-43C6-83D4-8A414BE78B0A}
		{9AFA9F20-0CAA-4EED-B777-8BA591255F13} = {CC54496B-C287-461B-BF3F-433653F40B65}
		{D27DCE5B-7CD5-4D60-BA8A-E909F41BE5DF} = {CC54496B-C287-461B-BF3F-433653F40B65}
		{4850CEF8-2396-446D-9676-6E3DD9D27834} = {CC54496B-C287-461B-BF3F-433653F40B65}
		{5214573C-69B8-434C-9521-2466B09739CB} = {F59EFCCA-2204-4DC9-8076-3D5D248BEAF1}
		{323A8780-B16B-4193-98CD-44778BD8B933} = {F59EFCCA-2204-4DC9-8076-3D5D248BEAF1}
		{40924FA3-78D3-4076-9036-CB270AA1CD9A} = {F59EFCCA-2204-4DC9-8076-3D5D248BEAF1}
		{E6A42B04-1E4F-412C-A53E-EE39A02B3C76} = {0DE88D86-2B3B-4205-9E94-8AED88A44942}
		{1EC179A7-0E9D-41CB-B428-D3D00AD50106} = {0DE88D86-2B3B-4205-9E94-8AED88A44942}
		{9A8A9934-6E3E-42CD-8F99-E79AEA424B17} = {0DE88D86-2B3B-4205-9E94-8AED88A44942}
	EndGlobalSection
	GlobalSection(ExtensibilityGlobals) = postSolution
		SolutionGuid = {BC3523C7-410A-4D4E-AFAB-B0B1408A84F8}
	EndGlobalSection
EndGlobal
