
Microsoft Visual Studio Solution File, Format Version 12.00
# Visual Studio Version 17
VisualStudioVersion = 17.14.36616.10 d17.14
MinimumVisualStudioVersion = 10.0.40219.1
Project("{2150E333-8FDC-42A3-9474-1A3956D46DE8}") = "Task0", "Task0", "{02EA681E-C7D8-13C7-8484-4AC65E1B71E8}"
EndProject
Project("{FAE04EC0-301F-11D3-BF4B-00C04F79EFBC}") = "Tyuiu.BalinVV.Sprint4.Task0.V1", "Tyuiu.BalinVV.Sprint4.Task0.V1\Tyuiu.BalinVV.Sprint4.Task0.V1.csproj", "{8AE08360-13A6-4AE8-8EEE-01CC3C8FC3CA}"
EndProject
Project("{FAE04EC0-301F-11D3-BF4B-00C04F79EFBC}") = "Tyuiu.BalinVV.Sprint4.Task0.V1.Test", "Tyuiu.BalinVV.Sprint4.Task0.V1.Test\Tyuiu.BalinVV.Sprint4.Task0.V1.Test.csproj", "{4C7BEFC8-D321-4E5E-81F3-A449CBE68174}"
EndProject
Project("{FAE04EC0-301F-11D3-BF4B-00C04F79EFBC}") = "Tyuiu.BalinVV.Sprint4.Task0.V1.Lib", "Tyuiu.BalinVV.Sprint4.Task0.V1.Lib\Tyuiu.BalinVV.Sprint4.Task0.V1.Lib.csproj", "{B5158A2E-79C5-4B50-961A-D58A82C7B578}"
EndProject
Global
	GlobalSection(SolutionConfigurationPlatforms) = preSolution
		Debug|Any CPU = Debug|Any CPU
		Release|Any CPU = Release|Any CPU
	EndGlobalSection
	GlobalSection(ProjectConfigurationPlatforms) = postSolution
		{8AE08360-13A6-4AE8-8EEE-01CC3C8FC3CA}.Debug|Any CPU.ActiveCfg = Debug|Any CPU
		{8AE08360-13A6-4AE8-8EEE-01CC3C8FC3CA}.Debug|Any CPU.Build.0 = Debug|Any CPU
		{8AE08360-13A6-4AE8-8EEE-01CC3C8FC3CA}.Release|Any CPU.ActiveCfg = Release|Any CPU
		{8AE08360-13A6-4AE8-8EEE-01CC3C8FC3CA}.Release|Any CPU.Build.0 = Release|Any CPU
		{4C7BEFC8-D321-4E5E-81F3-A449CBE68174}.Debug|Any CPU.ActiveCfg = Debug|Any CPU
		{4C7BEFC8-D321-4E5E-81F3-A449CBE68174}.Debug|Any CPU.Build.0 = Debug|Any CPU
		{4C7BEFC8-D321-4E5E-81F3-A449CBE68174}.Release|Any CPU.ActiveCfg = Release|Any CPU
		{4C7BEFC8-D321-4E5E-81F3-A449CBE68174}.Release|Any CPU.Build.0 = Release|Any CPU
		{B5158A2E-79C5-4B50-961A-D58A82C7B578}.Debug|Any CPU.ActiveCfg = Debug|Any CPU
		{B5158A2E-79C5-4B50-961A-D58A82C7B578}.Debug|Any CPU.Build.0 = Debug|Any CPU
		{B5158A2E-79C5-4B50-961A-D58A82C7B578}.Release|Any CPU.ActiveCfg = Release|Any CPU
		{B5158A2E-79C5-4B50-961A-D58A82C7B578}.Release|Any CPU.Build.0 = Release|Any CPU
	EndGlobalSection
	GlobalSection(SolutionProperties) = preSolution
		HideSolutionNode = FALSE
	EndGlobalSection
	GlobalSection(NestedProjects) = preSolution
		{8AE08360-13A6-4AE8-8EEE-01CC3C8FC3CA} = {02EA681E-C7D8-13C7-8484-4AC65E1B71E8}
		{4C7BEFC8-D321-4E5E-81F3-A449CBE68174} = {02EA681E-C7D8-13C7-8484-4AC65E1B71E8}
		{B5158A2E-79C5-4B50-961A-D58A82C7B578} = {02EA681E-C7D8-13C7-8484-4AC65E1B71E8}
	EndGlobalSection
	GlobalSection(ExtensibilityGlobals) = postSolution
		SolutionGuid = {BC3523C7-410A-4D4E-AFAB-B0B1408A84F8}
	EndGlobalSection
EndGlobal
